
Microsoft Visual Studio Solution File, Format Version 12.00
# Visual Studio Version 17
VisualStudioVersion = 17.7.34024.191
MinimumVisualStudioVersion = 10.0.40219.1
Project("{FAE04EC0-301F-11D3-BF4B-00C04F79EFBC}") = "TrabajoIntegralSofttekFront", "TrabajoIntegralSofttekFront\TrabajoIntegralSofttekFront.csproj", "{FA83988C-E10F-4592-9748-ECC10582E21E}"
EndProject
Global
	GlobalSection(SolutionConfigurationPlatforms) = preSolution
		Debug|Any CPU = Debug|Any CPU
		Release|Any CPU = Release|Any CPU
	EndGlobalSection
	GlobalSection(ProjectConfigurationPlatforms) = postSolution
		{FA83988C-E10F-4592-9748-ECC10582E21E}.Debug|Any CPU.ActiveCfg = Debug|Any CPU
		{FA83988C-E10F-4592-9748-ECC10582E21E}.Debug|Any CPU.Build.0 = Debug|Any CPU
		{FA83988C-E10F-4592-9748-ECC10582E21E}.Release|Any CPU.ActiveCfg = Release|Any CPU
		{FA83988C-E10F-4592-9748-ECC10582E21E}.Release|Any CPU.Build.0 = Release|Any CPU
	EndGlobalSection
	GlobalSection(SolutionProperties) = preSolution
		HideSolutionNode = FALSE
	EndGlobalSection
	GlobalSection(ExtensibilityGlobals) = postSolution
		SolutionGuid = {15E74FD3-1F61-48AF-BB81-27EDF743D55F}
	EndGlobalSection
EndGlobal
